
Microsoft Visual Studio Solution File, Format Version 12.00
# Visual Studio Version 17
VisualStudioVersion = 17.5.002.0
MinimumVisualStudioVersion = 10.0.40219.1
Project("{9A19103F-16F7-4668-BE54-9A1E7A4F7556}") = "GetStartedApp", "GetStartedApp\GetStartedApp.csproj", "{FE7599D1-785D-440F-AAB8-FC1C93EA6265}"
EndProject
Global
	GlobalSection(SolutionConfigurationPlatforms) = preSolution
		Debug|Any CPU = Debug|Any CPU
		Release|Any CPU = Release|Any CPU
	EndGlobalSection
	GlobalSection(ProjectConfigurationPlatforms) = postSolution
		{FE7599D1-785D-440F-AAB8-FC1C93EA6265}.Debug|Any CPU.ActiveCfg = Debug|Any CPU
		{FE7599D1-785D-440F-AAB8-FC1C93EA6265}.Debug|Any CPU.Build.0 = Debug|Any CPU
		{FE7599D1-785D-440F-AAB8-FC1C93EA6265}.Release|Any CPU.ActiveCfg = Release|Any CPU
		{FE7599D1-785D-440F-AAB8-FC1C93EA6265}.Release|Any CPU.Build.0 = Release|Any CPU
	EndGlobalSection
	GlobalSection(SolutionProperties) = preSolution
		HideSolutionNode = FALSE
	EndGlobalSection
	GlobalSection(ExtensibilityGlobals) = postSolution
		SolutionGuid = {395A5C66-CC6C-4359-A324-33CC6DFA75DF}
	EndGlobalSection
EndGlobal
